# This file is generated by running "yarn install" inside your project.
# Manual changes might be lost - proceed with caution!

__metadata:
  version: 6
  cacheKey: 8

"@octokit/auth-token@npm:^3.0.0":
  version: 3.0.0
  resolution: "@octokit/auth-token@npm:3.0.0"
  dependencies:
    "@octokit/types": ^6.0.3
  checksum: 70dc50385ae25e26ea23782a6730ac680a241a4c6bd401a88c1b4820d6f14a333c6a0e6c10a3a998d1909f95725e8df4477fb6c9e32ff13e056f6324cfebc3bb
  languageName: node
  linkType: hard

"@octokit/core@npm:^4.0.4":
  version: 4.0.4
  resolution: "@octokit/core@npm:4.0.4"
  dependencies:
    "@octokit/auth-token": ^3.0.0
    "@octokit/graphql": ^5.0.0
    "@octokit/request": ^6.0.0
    "@octokit/request-error": ^3.0.0
    "@octokit/types": ^6.0.3
    before-after-hook: ^2.2.0
    universal-user-agent: ^6.0.0
  checksum: c9ae1e5706ab568a725cc5dba314049fbd37d77f1595dd2c19733abddfd72f4e1d46d6980e212d845dde4625ce5f170af951ac0eb0d7bc09e56a159b88cbe5dd
  languageName: node
  linkType: hard

"@octokit/endpoint@npm:^7.0.0":
  version: 7.0.0
  resolution: "@octokit/endpoint@npm:7.0.0"
  dependencies:
    "@octokit/types": ^6.0.3
    is-plain-object: ^5.0.0
    universal-user-agent: ^6.0.0
  checksum: e6d7a2876c4a09852e671074b34f0a70722866e60bc218e475d2bdce7dea17de275dcd01f34c381bcc21d77def915c25a2f46e21f65a8d12aa4c6e418e5e01e2
  languageName: node
  linkType: hard

"@octokit/graphql@npm:^5.0.0":
  version: 5.0.0
  resolution: "@octokit/graphql@npm:5.0.0"
  dependencies:
    "@octokit/request": ^6.0.0
    "@octokit/types": ^6.0.3
    universal-user-agent: ^6.0.0
  checksum: 94c3f4fb6ff6dd6151a8ba6d8a2397329eedd5c30d1119b70d2be84add12efb4405ae0af9111f06dd047fc02d12063263357e53b4d04d3ab1ae2c07717ddfef5
  languageName: node
  linkType: hard

"@octokit/openapi-types@npm:^12.7.0":
  version: 12.9.0
  resolution: "@octokit/openapi-types@npm:12.9.0"
  checksum: 415825161eaa6c5fa7c403facaab98d6442b8bfe4c42347c58afbd61f6936b2080df0e5a21a96cc76990032414e407b38a13ccb62bfbc2a6158c760c170386d1
  languageName: node
  linkType: hard

"@octokit/request-error@npm:^3.0.0":
  version: 3.0.0
  resolution: "@octokit/request-error@npm:3.0.0"
  dependencies:
    "@octokit/types": ^6.0.3
    deprecation: ^2.0.0
    once: ^1.4.0
  checksum: 5778904ed5421e955107eb7fd2ed1655f3eb1bf3f6433278a5382efa2dd02082c35c2454cdc8818c88c9feef71f08489abdefee376dd51eac9caf72b133ec176
  languageName: node
  linkType: hard

"@octokit/request@npm:^6.0.0":
  version: 6.1.0
  resolution: "@octokit/request@npm:6.1.0"
  dependencies:
    "@octokit/endpoint": ^7.0.0
    "@octokit/request-error": ^3.0.0
    "@octokit/types": ^6.16.1
    is-plain-object: ^5.0.0
    node-fetch: ^2.6.7
    universal-user-agent: ^6.0.0
  checksum: d1bea495f85a5c62197ba385ba8ff3891d339932f0bc0030637d6fafa9be43eab5e100faeb278e962b06a4214b5546709fd165b1cd6b4a937acd25b5e5409d58
  languageName: node
  linkType: hard

"@octokit/types@npm:^6.0.3, @octokit/types@npm:^6.16.1":
  version: 6.39.0
  resolution: "@octokit/types@npm:6.39.0"
  dependencies:
    "@octokit/openapi-types": ^12.7.0
  checksum: 0e3d55e4bdef41e652a2e99a304cebada90f23a90619c49ab892a76ae908c4281316738453348c9ba30b32250ef5eda0a939c2af3aec5ca808acdf9922da420c
  languageName: node
  linkType: hard

"@reporank/api@workspace:.":
  version: 0.0.0-use.local
  resolution: "@reporank/api@workspace:."
  dependencies:
    "@octokit/core": ^4.0.4
    "@octokit/graphql": ^5.0.0
    "@types/express-serve-static-core": 4.16.2
    "@types/node": ^18.0.4
    async: ^3.2.4
    badge-maker: ^3.3.1
    cors: ^2.8.5
    dotenv: ^16.0.1
    express: ^4.18.1
    express-serve-static-core: ^0.1.1
    typescript: ^4.7.4
    vhost: ^3.0.2
  languageName: unknown
  linkType: soft

"@types/express-serve-static-core@npm:4.16.2":
  version: 4.16.2
  resolution: "@types/express-serve-static-core@npm:4.16.2"
  dependencies:
    "@types/node": "*"
    "@types/range-parser": "*"
  checksum: 1cfceaa15988d3eb3c354fbc473faf8747b7841de39c4ce16d91b130e2ba2255970af19c7171896cd59a5ce9876ddca3ceec399e53668f4c2a9829767ded335b
  languageName: node
  linkType: hard

"@types/node@npm:*, @types/node@npm:^18.0.4":
  version: 18.0.4
  resolution: "@types/node@npm:18.0.4"
  checksum: 981284fd57941f233f0e77038087c122f56e3c2b4fc4e090dfc7f0a93abfc526d5ccdd59eb3ef551d713245cf3943e37c7b957f12ba699209341a447c39fab59
  languageName: node
  linkType: hard

"@types/range-parser@npm:*":
  version: 1.2.4
  resolution: "@types/range-parser@npm:1.2.4"
  checksum: b7c0dfd5080a989d6c8bb0b6750fc0933d9acabeb476da6fe71d8bdf1ab65e37c136169d84148034802f48378ab94e3c37bb4ef7656b2bec2cb9c0f8d4146a95
  languageName: node
  linkType: hard

"accepts@npm:~1.3.8":
  version: 1.3.8
  resolution: "accepts@npm:1.3.8"
  dependencies:
    mime-types: ~2.1.34
    negotiator: 0.6.3
  checksum: 50c43d32e7b50285ebe84b613ee4a3aa426715a7d131b65b786e2ead0fd76b6b60091b9916d3478a75f11f162628a2139991b6c03ab3f1d9ab7c86075dc8eab4
  languageName: node
  linkType: hard

"anafanafo@npm:2.0.0":
  version: 2.0.0
  resolution: "anafanafo@npm:2.0.0"
  dependencies:
    char-width-table-consumer: ^1.0.0
  checksum: c166fc5920ca83c321ecfecdaf7b8b6e09553ad8c6214da39cd82e77decb4b06da440bdcb978ba567c4ed34746e048d61901ff9ddedf52555aeba82642115ac8
  languageName: node
  linkType: hard

"array-flatten@npm:1.1.1":
  version: 1.1.1
  resolution: "array-flatten@npm:1.1.1"
  checksum: a9925bf3512d9dce202112965de90c222cd59a4fbfce68a0951d25d965cf44642931f40aac72309c41f12df19afa010ecadceb07cfff9ccc1621e99d89ab5f3b
  languageName: node
  linkType: hard

"async@npm:^3.2.4":
  version: 3.2.4
  resolution: "async@npm:3.2.4"
  checksum: 43d07459a4e1d09b84a20772414aa684ff4de085cbcaec6eea3c7a8f8150e8c62aa6cd4e699fe8ee93c3a5b324e777d34642531875a0817a35697522c1b02e89
  languageName: node
  linkType: hard

"badge-maker@npm:^3.3.1":
  version: 3.3.1
  resolution: "badge-maker@npm:3.3.1"
  dependencies:
    anafanafo: 2.0.0
    css-color-converter: ^2.0.0
  bin:
    badge: lib/badge-cli.js
  checksum: 17ddd409da395a5a58a4b984aa3224a26fec80a580f7b2f011cbfcf3d1ecc4b8daae879d0ff21b7bb78081eb03c703fd161bebc846018456edfa7e3544932e10
  languageName: node
  linkType: hard

"before-after-hook@npm:^2.2.0":
  version: 2.2.2
  resolution: "before-after-hook@npm:2.2.2"
  checksum: dc2e1ffe389e5afbef2a46790b1b5a50247ed57aba67649cfa9ec2552d248cc9278f222e72fb5a8ff59bbb39d78fbaa97e7234ead0c6b5e8418b67a8644ce207
  languageName: node
  linkType: hard

"binary-search@npm:^1.3.5":
  version: 1.3.6
  resolution: "binary-search@npm:1.3.6"
  checksum: 2e6b3459a9c1ba1bd674a6a855a5ef7505f70707422244430e3510e989c0df6074a49fe60784a98b93b51545c9bcace1db1defee06ff861b124c036a2f2836bf
  languageName: node
  linkType: hard

"body-parser@npm:1.20.0":
  version: 1.20.0
  resolution: "body-parser@npm:1.20.0"
  dependencies:
    bytes: 3.1.2
    content-type: ~1.0.4
    debug: 2.6.9
    depd: 2.0.0
    destroy: 1.2.0
    http-errors: 2.0.0
    iconv-lite: 0.4.24
    on-finished: 2.4.1
    qs: 6.10.3
    raw-body: 2.5.1
    type-is: ~1.6.18
    unpipe: 1.0.0
  checksum: 12fffdeac82fe20dddcab7074215d5156e7d02a69ae90cbe9fee1ca3efa2f28ef52097cbea76685ee0a1509c71d85abd0056a08e612c09077cad6277a644cf88
  languageName: node
  linkType: hard

"bytes@npm:3.1.2":
  version: 3.1.2
  resolution: "bytes@npm:3.1.2"
  checksum: e4bcd3948d289c5127591fbedf10c0b639ccbf00243504e4e127374a15c3bc8eed0d28d4aaab08ff6f1cf2abc0cce6ba3085ed32f4f90e82a5683ce0014e1b6e
  languageName: node
  linkType: hard

"call-bind@npm:^1.0.0":
  version: 1.0.2
  resolution: "call-bind@npm:1.0.2"
  dependencies:
    function-bind: ^1.1.1
    get-intrinsic: ^1.0.2
  checksum: f8e31de9d19988a4b80f3e704788c4a2d6b6f3d17cfec4f57dc29ced450c53a49270dc66bf0fbd693329ee948dd33e6c90a329519aef17474a4d961e8d6426b0
  languageName: node
  linkType: hard

"char-width-table-consumer@npm:^1.0.0":
  version: 1.0.0
  resolution: "char-width-table-consumer@npm:1.0.0"
  dependencies:
    binary-search: ^1.3.5
  checksum: daffca7cf4201f55acb75c6f98967be6d8a7cbb5783f3e58d90930d83cadc367e63e62fcfa893ea3985c05d8c32557a1bfa2ea7e2f39b845cb2dea966cfbeccd
  languageName: node
  linkType: hard

"color-convert@npm:^0.5.2":
  version: 0.5.3
  resolution: "color-convert@npm:0.5.3"
  checksum: 1074989a2c216d0171a397b870a0d698ef802ab3f9ece72b35bd92c4d20aeab31f222ea525dd5d3fad175a3f256a750eadd14ab882caed0089efc1cb7ba74086
  languageName: node
  linkType: hard

"color-name@npm:^1.1.4":
  version: 1.1.4
  resolution: "color-name@npm:1.1.4"
  checksum: b0445859521eb4021cd0fb0cc1a75cecf67fceecae89b63f62b201cca8d345baf8b952c966862a9d9a2632987d4f6581f0ec8d957dfacece86f0a7919316f610
  languageName: node
  linkType: hard

"content-disposition@npm:0.5.4":
  version: 0.5.4
  resolution: "content-disposition@npm:0.5.4"
  dependencies:
    safe-buffer: 5.2.1
  checksum: afb9d545e296a5171d7574fcad634b2fdf698875f4006a9dd04a3e1333880c5c0c98d47b560d01216fb6505a54a2ba6a843ee3a02ec86d7e911e8315255f56c3
  languageName: node
  linkType: hard

"content-type@npm:~1.0.4":
  version: 1.0.4
  resolution: "content-type@npm:1.0.4"
  checksum: 3d93585fda985d1554eca5ebd251994327608d2e200978fdbfba21c0c679914d5faf266d17027de44b34a72c7b0745b18584ecccaa7e1fdfb6a68ac7114f12e0
  languageName: node
  linkType: hard

"cookie-signature@npm:1.0.6":
  version: 1.0.6
  resolution: "cookie-signature@npm:1.0.6"
  checksum: f4e1b0a98a27a0e6e66fd7ea4e4e9d8e038f624058371bf4499cfcd8f3980be9a121486995202ba3fca74fbed93a407d6d54d43a43f96fd28d0bd7a06761591a
  languageName: node
  linkType: hard

"cookie@npm:0.5.0":
  version: 0.5.0
  resolution: "cookie@npm:0.5.0"
  checksum: 1f4bd2ca5765f8c9689a7e8954183f5332139eb72b6ff783d8947032ec1fdf43109852c178e21a953a30c0dd42257828185be01b49d1eb1a67fd054ca588a180
  languageName: node
  linkType: hard

"cors@npm:^2.8.5":
  version: 2.8.5
  resolution: "cors@npm:2.8.5"
  dependencies:
    object-assign: ^4
    vary: ^1
  checksum: ced838404ccd184f61ab4fdc5847035b681c90db7ac17e428f3d81d69e2989d2b680cc254da0e2554f5ed4f8a341820a1ce3d1c16b499f6e2f47a1b9b07b5006
  languageName: node
  linkType: hard

"css-color-converter@npm:^2.0.0":
  version: 2.0.0
  resolution: "css-color-converter@npm:2.0.0"
  dependencies:
    color-convert: ^0.5.2
    color-name: ^1.1.4
    css-unit-converter: ^1.1.2
  checksum: 87819fb3648bb433de49e534c5597d8021642f3199f8985f27b41dc5170c522f775db804fc4533ea78723f8cc70747c545c8f010f4a3ca0ba7bc4dd8f3eea532
  languageName: node
  linkType: hard

"css-unit-converter@npm:^1.1.2":
  version: 1.1.2
  resolution: "css-unit-converter@npm:1.1.2"
  checksum: 07888033346a5128f34dbe2f72884c966d24e9f29db24416dcde92860242490617ef9a178ac193a92f730834bbeea026cdc7027701d92ba9bbbe59db7a37eb2a
  languageName: node
  linkType: hard

"debug@npm:2.6.9":
  version: 2.6.9
  resolution: "debug@npm:2.6.9"
  dependencies:
    ms: 2.0.0
  checksum: d2f51589ca66df60bf36e1fa6e4386b318c3f1e06772280eea5b1ae9fd3d05e9c2b7fd8a7d862457d00853c75b00451aa2d7459b924629ee385287a650f58fe6
  languageName: node
  linkType: hard

"depd@npm:2.0.0":
  version: 2.0.0
  resolution: "depd@npm:2.0.0"
  checksum: abbe19c768c97ee2eed6282d8ce3031126662252c58d711f646921c9623f9052e3e1906443066beec1095832f534e57c523b7333f8e7e0d93051ab6baef5ab3a
  languageName: node
  linkType: hard

"deprecation@npm:^2.0.0":
  version: 2.3.1
  resolution: "deprecation@npm:2.3.1"
  checksum: f56a05e182c2c195071385455956b0c4106fe14e36245b00c689ceef8e8ab639235176a96977ba7c74afb173317fac2e0ec6ec7a1c6d1e6eaa401c586c714132
  languageName: node
  linkType: hard

"destroy@npm:1.2.0":
  version: 1.2.0
  resolution: "destroy@npm:1.2.0"
  checksum: 0acb300b7478a08b92d810ab229d5afe0d2f4399272045ab22affa0d99dbaf12637659411530a6fcd597a9bdac718fc94373a61a95b4651bbc7b83684a565e38
  languageName: node
  linkType: hard

"dotenv@npm:^16.0.1":
  version: 16.0.1
  resolution: "dotenv@npm:16.0.1"
  checksum: f459ffce07b977b7f15d8cc4ee69cdff77d4dd8c5dc8c85d2d485ee84655352c2415f9dd09d42b5b5985ced3be186130871b34e2f3e2569ebc72fbc2e8096792
  languageName: node
  linkType: hard

"ee-first@npm:1.1.1":
  version: 1.1.1
  resolution: "ee-first@npm:1.1.1"
  checksum: 1b4cac778d64ce3b582a7e26b218afe07e207a0f9bfe13cc7395a6d307849cfe361e65033c3251e00c27dd060cab43014c2d6b2647676135e18b77d2d05b3f4f
  languageName: node
  linkType: hard

"encodeurl@npm:~1.0.2":
  version: 1.0.2
  resolution: "encodeurl@npm:1.0.2"
  checksum: e50e3d508cdd9c4565ba72d2012e65038e5d71bdc9198cb125beb6237b5b1ade6c0d343998da9e170fb2eae52c1bed37d4d6d98a46ea423a0cddbed5ac3f780c
  languageName: node
  linkType: hard

"escape-html@npm:~1.0.3":
  version: 1.0.3
  resolution: "escape-html@npm:1.0.3"
  checksum: 6213ca9ae00d0ab8bccb6d8d4e0a98e76237b2410302cf7df70aaa6591d509a2a37ce8998008cbecae8fc8ffaadf3fb0229535e6a145f3ce0b211d060decbb24
  languageName: node
  linkType: hard

"etag@npm:~1.8.1":
  version: 1.8.1
  resolution: "etag@npm:1.8.1"
  checksum: 571aeb3dbe0f2bbd4e4fadbdb44f325fc75335cd5f6f6b6a091e6a06a9f25ed5392f0863c5442acb0646787446e816f13cbfc6edce5b07658541dff573cab1ff
  languageName: node
  linkType: hard

"express-serve-static-core@npm:^0.1.1":
  version: 0.1.1
  resolution: "express-serve-static-core@npm:0.1.1"
  checksum: 0f387ae5c12f51b9e843ade07bd412b4a0cbe23bbd5e95e047e45f4b3e1a6aa6bee53f765b039441f93110401221ec23a533844dce3e4f118e38cda5ed3dba0a
  languageName: node
  linkType: hard

"express@npm:^4.18.1":
  version: 4.18.1
  resolution: "express@npm:4.18.1"
  dependencies:
    accepts: ~1.3.8
    array-flatten: 1.1.1
    body-parser: 1.20.0
    content-disposition: 0.5.4
    content-type: ~1.0.4
    cookie: 0.5.0
    cookie-signature: 1.0.6
    debug: 2.6.9
    depd: 2.0.0
    encodeurl: ~1.0.2
    escape-html: ~1.0.3
    etag: ~1.8.1
    finalhandler: 1.2.0
    fresh: 0.5.2
    http-errors: 2.0.0
    merge-descriptors: 1.0.1
    methods: ~1.1.2
    on-finished: 2.4.1
    parseurl: ~1.3.3
    path-to-regexp: 0.1.7
    proxy-addr: ~2.0.7
    qs: 6.10.3
    range-parser: ~1.2.1
    safe-buffer: 5.2.1
    send: 0.18.0
    serve-static: 1.15.0
    setprototypeof: 1.2.0
    statuses: 2.0.1
    type-is: ~1.6.18
    utils-merge: 1.0.1
    vary: ~1.1.2
  checksum: c3d44c92e48226ef32ec978becfedb0ecf0ca21316bfd33674b3c5d20459840584f2325726a4f17f33d9c99f769636f728982d1c5433a5b6fe6eb95b8cf0c854
  languageName: node
  linkType: hard

"finalhandler@npm:1.2.0":
  version: 1.2.0
  resolution: "finalhandler@npm:1.2.0"
  dependencies:
    debug: 2.6.9
    encodeurl: ~1.0.2
    escape-html: ~1.0.3
    on-finished: 2.4.1
    parseurl: ~1.3.3
    statuses: 2.0.1
    unpipe: ~1.0.0
  checksum: 92effbfd32e22a7dff2994acedbd9bcc3aa646a3e919ea6a53238090e87097f8ef07cced90aa2cc421abdf993aefbdd5b00104d55c7c5479a8d00ed105b45716
  languageName: node
  linkType: hard

"forwarded@npm:0.2.0":
  version: 0.2.0
  resolution: "forwarded@npm:0.2.0"
  checksum: fd27e2394d8887ebd16a66ffc889dc983fbbd797d5d3f01087c020283c0f019a7d05ee85669383d8e0d216b116d720fc0cef2f6e9b7eb9f4c90c6e0bc7fd28e6
  languageName: node
  linkType: hard

"fresh@npm:0.5.2":
  version: 0.5.2
  resolution: "fresh@npm:0.5.2"
  checksum: 13ea8b08f91e669a64e3ba3a20eb79d7ca5379a81f1ff7f4310d54e2320645503cc0c78daedc93dfb6191287295f6479544a649c64d8e41a1c0fb0c221552346
  languageName: node
  linkType: hard

"function-bind@npm:^1.1.1":
  version: 1.1.1
  resolution: "function-bind@npm:1.1.1"
  checksum: b32fbaebb3f8ec4969f033073b43f5c8befbb58f1a79e12f1d7490358150359ebd92f49e72ff0144f65f2c48ea2a605bff2d07965f548f6474fd8efd95bf361a
  languageName: node
  linkType: hard

"get-intrinsic@npm:^1.0.2":
  version: 1.1.2
  resolution: "get-intrinsic@npm:1.1.2"
  dependencies:
    function-bind: ^1.1.1
    has: ^1.0.3
    has-symbols: ^1.0.3
  checksum: 252f45491f2ba88ebf5b38018020c7cc3279de54b1d67ffb70c0cdf1dfa8ab31cd56467b5d117a8b4275b7a4dde91f86766b163a17a850f036528a7b2faafb2b
  languageName: node
  linkType: hard

"has-symbols@npm:^1.0.3":
  version: 1.0.3
  resolution: "has-symbols@npm:1.0.3"
  checksum: a054c40c631c0d5741a8285010a0777ea0c068f99ed43e5d6eb12972da223f8af553a455132fdb0801bdcfa0e0f443c0c03a68d8555aa529b3144b446c3f2410
  languageName: node
  linkType: hard

"has@npm:^1.0.3":
  version: 1.0.3
  resolution: "has@npm:1.0.3"
  dependencies:
    function-bind: ^1.1.1
  checksum: b9ad53d53be4af90ce5d1c38331e712522417d017d5ef1ebd0507e07c2fbad8686fffb8e12ddecd4c39ca9b9b47431afbb975b8abf7f3c3b82c98e9aad052792
  languageName: node
  linkType: hard

"http-errors@npm:2.0.0":
  version: 2.0.0
  resolution: "http-errors@npm:2.0.0"
  dependencies:
    depd: 2.0.0
    inherits: 2.0.4
    setprototypeof: 1.2.0
    statuses: 2.0.1
    toidentifier: 1.0.1
  checksum: 9b0a3782665c52ce9dc658a0d1560bcb0214ba5699e4ea15aefb2a496e2ca83db03ebc42e1cce4ac1f413e4e0d2d736a3fd755772c556a9a06853ba2a0b7d920
  languageName: node
  linkType: hard

"iconv-lite@npm:0.4.24":
  version: 0.4.24
  resolution: "iconv-lite@npm:0.4.24"
  dependencies:
    safer-buffer: ">= 2.1.2 < 3"
  checksum: bd9f120f5a5b306f0bc0b9ae1edeb1577161503f5f8252a20f1a9e56ef8775c9959fd01c55f2d3a39d9a8abaf3e30c1abeb1895f367dcbbe0a8fd1c9ca01c4f6
  languageName: node
  linkType: hard

"inherits@npm:2.0.4":
  version: 2.0.4
  resolution: "inherits@npm:2.0.4"
  checksum: 4a48a733847879d6cf6691860a6b1e3f0f4754176e4d71494c41f3475553768b10f84b5ce1d40fbd0e34e6bfbb864ee35858ad4dd2cf31e02fc4a154b724d7f1
  languageName: node
  linkType: hard

"ipaddr.js@npm:1.9.1":
  version: 1.9.1
  resolution: "ipaddr.js@npm:1.9.1"
  checksum: f88d3825981486f5a1942414c8d77dd6674dd71c065adcfa46f578d677edcb99fda25af42675cb59db492fdf427b34a5abfcde3982da11a8fd83a500b41cfe77
  languageName: node
  linkType: hard

"is-plain-object@npm:^5.0.0":
  version: 5.0.0
  resolution: "is-plain-object@npm:5.0.0"
  checksum: e32d27061eef62c0847d303125440a38660517e586f2f3db7c9d179ae5b6674ab0f469d519b2e25c147a1a3bc87156d0d5f4d8821e0ce4a9ee7fe1fcf11ce45c
  languageName: node
  linkType: hard

"media-typer@npm:0.3.0":
  version: 0.3.0
  resolution: "media-typer@npm:0.3.0"
  checksum: af1b38516c28ec95d6b0826f6c8f276c58aec391f76be42aa07646b4e39d317723e869700933ca6995b056db4b09a78c92d5440dc23657e6764be5d28874bba1
  languageName: node
  linkType: hard

"merge-descriptors@npm:1.0.1":
  version: 1.0.1
  resolution: "merge-descriptors@npm:1.0.1"
  checksum: 5abc259d2ae25bb06d19ce2b94a21632583c74e2a9109ee1ba7fd147aa7362b380d971e0251069f8b3eb7d48c21ac839e21fa177b335e82c76ec172e30c31a26
  languageName: node
  linkType: hard

"methods@npm:~1.1.2":
  version: 1.1.2
  resolution: "methods@npm:1.1.2"
  checksum: 0917ff4041fa8e2f2fda5425a955fe16ca411591fbd123c0d722fcf02b73971ed6f764d85f0a6f547ce49ee0221ce2c19a5fa692157931cecb422984f1dcd13a
  languageName: node
  linkType: hard

"mime-db@npm:1.52.0":
  version: 1.52.0
  resolution: "mime-db@npm:1.52.0"
  checksum: 0d99a03585f8b39d68182803b12ac601d9c01abfa28ec56204fa330bc9f3d1c5e14beb049bafadb3dbdf646dfb94b87e24d4ec7b31b7279ef906a8ea9b6a513f
  languageName: node
  linkType: hard

"mime-types@npm:~2.1.24, mime-types@npm:~2.1.34":
  version: 2.1.35
  resolution: "mime-types@npm:2.1.35"
  dependencies:
    mime-db: 1.52.0
  checksum: 89a5b7f1def9f3af5dad6496c5ed50191ae4331cc5389d7c521c8ad28d5fdad2d06fd81baf38fed813dc4e46bb55c8145bb0ff406330818c9cf712fb2e9b3836
  languageName: node
  linkType: hard

"mime@npm:1.6.0":
  version: 1.6.0
  resolution: "mime@npm:1.6.0"
  bin:
    mime: cli.js
  checksum: fef25e39263e6d207580bdc629f8872a3f9772c923c7f8c7e793175cee22777bbe8bba95e5d509a40aaa292d8974514ce634ae35769faa45f22d17edda5e8557
  languageName: node
  linkType: hard

"ms@npm:2.0.0":
  version: 2.0.0
  resolution: "ms@npm:2.0.0"
  checksum: 0e6a22b8b746d2e0b65a430519934fefd41b6db0682e3477c10f60c76e947c4c0ad06f63ffdf1d78d335f83edee8c0aa928aa66a36c7cd95b69b26f468d527f4
  languageName: node
  linkType: hard

"ms@npm:2.1.3":
  version: 2.1.3
  resolution: "ms@npm:2.1.3"
  checksum: aa92de608021b242401676e35cfa5aa42dd70cbdc082b916da7fb925c542173e36bce97ea3e804923fe92c0ad991434e4a38327e15a1b5b5f945d66df615ae6d
  languageName: node
  linkType: hard

"negotiator@npm:0.6.3":
  version: 0.6.3
  resolution: "negotiator@npm:0.6.3"
  checksum: b8ffeb1e262eff7968fc90a2b6767b04cfd9842582a9d0ece0af7049537266e7b2506dfb1d107a32f06dd849ab2aea834d5830f7f4d0e5cb7d36e1ae55d021d9
  languageName: node
  linkType: hard

"node-fetch@npm:^2.6.7":
  version: 2.6.7
  resolution: "node-fetch@npm:2.6.7"
  dependencies:
    whatwg-url: ^5.0.0
  peerDependencies:
    encoding: ^0.1.0
  peerDependenciesMeta:
    encoding:
      optional: true
  checksum: 8d816ffd1ee22cab8301c7756ef04f3437f18dace86a1dae22cf81db8ef29c0bf6655f3215cb0cdb22b420b6fe141e64b26905e7f33f9377a7fa59135ea3e10b
  languageName: node
  linkType: hard

"object-assign@npm:^4":
  version: 4.1.1
  resolution: "object-assign@npm:4.1.1"
  checksum: fcc6e4ea8c7fe48abfbb552578b1c53e0d194086e2e6bbbf59e0a536381a292f39943c6e9628af05b5528aa5e3318bb30d6b2e53cadaf5b8fe9e12c4b69af23f
  languageName: node
  linkType: hard

"object-inspect@npm:^1.9.0":
  version: 1.12.2
  resolution: "object-inspect@npm:1.12.2"
  checksum: a534fc1b8534284ed71f25ce3a496013b7ea030f3d1b77118f6b7b1713829262be9e6243acbcb3ef8c626e2b64186112cb7f6db74e37b2789b9c789ca23048b2
  languageName: node
  linkType: hard

"on-finished@npm:2.4.1":
  version: 2.4.1
  resolution: "on-finished@npm:2.4.1"
  dependencies:
    ee-first: 1.1.1
  checksum: d20929a25e7f0bb62f937a425b5edeb4e4cde0540d77ba146ec9357f00b0d497cdb3b9b05b9c8e46222407d1548d08166bff69cc56dfa55ba0e4469228920ff0
  languageName: node
  linkType: hard

"once@npm:^1.4.0":
  version: 1.4.0
  resolution: "once@npm:1.4.0"
  dependencies:
    wrappy: 1
  checksum: cd0a88501333edd640d95f0d2700fbde6bff20b3d4d9bdc521bdd31af0656b5706570d6c6afe532045a20bb8dc0849f8332d6f2a416e0ba6d3d3b98806c7db68
  languageName: node
  linkType: hard

"parseurl@npm:~1.3.3":
  version: 1.3.3
  resolution: "parseurl@npm:1.3.3"
  checksum: 407cee8e0a3a4c5cd472559bca8b6a45b82c124e9a4703302326e9ab60fc1081442ada4e02628efef1eb16197ddc7f8822f5a91fd7d7c86b51f530aedb17dfa2
  languageName: node
  linkType: hard

"path-to-regexp@npm:0.1.7":
  version: 0.1.7
  resolution: "path-to-regexp@npm:0.1.7"
  checksum: 69a14ea24db543e8b0f4353305c5eac6907917031340e5a8b37df688e52accd09e3cebfe1660b70d76b6bd89152f52183f28c74813dbf454ba1a01c82a38abce
  languageName: node
  linkType: hard

"proxy-addr@npm:~2.0.7":
  version: 2.0.7
  resolution: "proxy-addr@npm:2.0.7"
  dependencies:
    forwarded: 0.2.0
    ipaddr.js: 1.9.1
  checksum: 29c6990ce9364648255454842f06f8c46fcd124d3e6d7c5066df44662de63cdc0bad032e9bf5a3d653ff72141cc7b6019873d685708ac8210c30458ad99f2b74
  languageName: node
  linkType: hard

"qs@npm:6.10.3":
  version: 6.10.3
  resolution: "qs@npm:6.10.3"
  dependencies:
    side-channel: ^1.0.4
  checksum: 0fac5e6c7191d0295a96d0e83c851aeb015df7e990e4d3b093897d3ac6c94e555dbd0a599739c84d7fa46d7fee282d94ba76943983935cf33bba6769539b8019
  languageName: node
  linkType: hard

"range-parser@npm:~1.2.1":
  version: 1.2.1
  resolution: "range-parser@npm:1.2.1"
  checksum: 0a268d4fea508661cf5743dfe3d5f47ce214fd6b7dec1de0da4d669dd4ef3d2144468ebe4179049eff253d9d27e719c88dae55be64f954e80135a0cada804ec9
  languageName: node
  linkType: hard

"raw-body@npm:2.5.1":
  version: 2.5.1
  resolution: "raw-body@npm:2.5.1"
  dependencies:
    bytes: 3.1.2
    http-errors: 2.0.0
    iconv-lite: 0.4.24
    unpipe: 1.0.0
  checksum: 5362adff1575d691bb3f75998803a0ffed8c64eabeaa06e54b4ada25a0cd1b2ae7f4f5ec46565d1bec337e08b5ac90c76eaa0758de6f72a633f025d754dec29e
  languageName: node
  linkType: hard

"safe-buffer@npm:5.2.1":
  version: 5.2.1
  resolution: "safe-buffer@npm:5.2.1"
  checksum: b99c4b41fdd67a6aaf280fcd05e9ffb0813654894223afb78a31f14a19ad220bba8aba1cb14eddce1fcfb037155fe6de4e861784eb434f7d11ed58d1e70dd491
  languageName: node
  linkType: hard

"safer-buffer@npm:>= 2.1.2 < 3":
  version: 2.1.2
  resolution: "safer-buffer@npm:2.1.2"
  checksum: cab8f25ae6f1434abee8d80023d7e72b598cf1327164ddab31003c51215526801e40b66c5e65d658a0af1e9d6478cadcb4c745f4bd6751f97d8644786c0978b0
  languageName: node
  linkType: hard

"send@npm:0.18.0":
  version: 0.18.0
  resolution: "send@npm:0.18.0"
  dependencies:
    debug: 2.6.9
    depd: 2.0.0
    destroy: 1.2.0
    encodeurl: ~1.0.2
    escape-html: ~1.0.3
    etag: ~1.8.1
    fresh: 0.5.2
    http-errors: 2.0.0
    mime: 1.6.0
    ms: 2.1.3
    on-finished: 2.4.1
    range-parser: ~1.2.1
    statuses: 2.0.1
  checksum: 74fc07ebb58566b87b078ec63e5a3e41ecd987e4272ba67b7467e86c6ad51bc6b0b0154133b6d8b08a2ddda360464f71382f7ef864700f34844a76c8027817a8
  languageName: node
  linkType: hard

"serve-static@npm:1.15.0":
  version: 1.15.0
  resolution: "serve-static@npm:1.15.0"
  dependencies:
    encodeurl: ~1.0.2
    escape-html: ~1.0.3
    parseurl: ~1.3.3
    send: 0.18.0
  checksum: af57fc13be40d90a12562e98c0b7855cf6e8bd4c107fe9a45c212bf023058d54a1871b1c89511c3958f70626fff47faeb795f5d83f8cf88514dbaeb2b724464d
  languageName: node
  linkType: hard

"setprototypeof@npm:1.2.0":
  version: 1.2.0
  resolution: "setprototypeof@npm:1.2.0"
  checksum: be18cbbf70e7d8097c97f713a2e76edf84e87299b40d085c6bf8b65314e994cc15e2e317727342fa6996e38e1f52c59720b53fe621e2eb593a6847bf0356db89
  languageName: node
  linkType: hard

"side-channel@npm:^1.0.4":
  version: 1.0.4
  resolution: "side-channel@npm:1.0.4"
  dependencies:
    call-bind: ^1.0.0
    get-intrinsic: ^1.0.2
    object-inspect: ^1.9.0
  checksum: 351e41b947079c10bd0858364f32bb3a7379514c399edb64ab3dce683933483fc63fb5e4efe0a15a2e8a7e3c436b6a91736ddb8d8c6591b0460a24bb4a1ee245
  languageName: node
  linkType: hard

"statuses@npm:2.0.1":
  version: 2.0.1
  resolution: "statuses@npm:2.0.1"
  checksum: 18c7623fdb8f646fb213ca4051be4df7efb3484d4ab662937ca6fbef7ced9b9e12842709872eb3020cc3504b93bde88935c9f6417489627a7786f24f8031cbcb
  languageName: node
  linkType: hard

"toidentifier@npm:1.0.1":
  version: 1.0.1
  resolution: "toidentifier@npm:1.0.1"
  checksum: 952c29e2a85d7123239b5cfdd889a0dde47ab0497f0913d70588f19c53f7e0b5327c95f4651e413c74b785147f9637b17410ac8c846d5d4a20a5a33eb6dc3a45
  languageName: node
  linkType: hard

"tr46@npm:~0.0.3":
  version: 0.0.3
  resolution: "tr46@npm:0.0.3"
  checksum: 726321c5eaf41b5002e17ffbd1fb7245999a073e8979085dacd47c4b4e8068ff5777142fc6726d6ca1fd2ff16921b48788b87225cbc57c72636f6efa8efbffe3
  languageName: node
  linkType: hard

"type-is@npm:~1.6.18":
  version: 1.6.18
  resolution: "type-is@npm:1.6.18"
  dependencies:
    media-typer: 0.3.0
    mime-types: ~2.1.24
  checksum: 2c8e47675d55f8b4e404bcf529abdf5036c537a04c2b20177bcf78c9e3c1da69da3942b1346e6edb09e823228c0ee656ef0e033765ec39a70d496ef601a0c657
  languageName: node
  linkType: hard

"typescript@npm:^4.7.4":
  version: 4.7.4
  resolution: "typescript@npm:4.7.4"
  bin:
    tsc: bin/tsc
    tsserver: bin/tsserver
  checksum: 5750181b1cd7e6482c4195825547e70f944114fb47e58e4aa7553e62f11b3f3173766aef9c281783edfd881f7b8299cf35e3ca8caebe73d8464528c907a164df
  languageName: node
  linkType: hard

"typescript@patch:typescript@^4.7.4#~builtin<compat/typescript>":
  version: 4.7.4
  resolution: "typescript@patch:typescript@npm%3A4.7.4#~builtin<compat/typescript>::version=4.7.4&hash=7ad353"
  bin:
    tsc: bin/tsc
    tsserver: bin/tsserver
  checksum: 9096d8f6c16cb80ef3bf96fcbbd055bf1c4a43bd14f3b7be45a9fbe7ada46ec977f604d5feed3263b4f2aa7d4c7477ce5f9cd87de0d6feedec69a983f3a4f93e
  languageName: node
  linkType: hard

"universal-user-agent@npm:^6.0.0":
  version: 6.0.0
  resolution: "universal-user-agent@npm:6.0.0"
  checksum: 5092bbc80dd0d583cef0b62c17df0043193b74f425112ea6c1f69bc5eda21eeec7a08d8c4f793a277eb2202ffe9b44bec852fa3faff971234cd209874d1b79ef
  languageName: node
  linkType: hard

"unpipe@npm:1.0.0, unpipe@npm:~1.0.0":
  version: 1.0.0
  resolution: "unpipe@npm:1.0.0"
  checksum: 4fa18d8d8d977c55cb09715385c203197105e10a6d220087ec819f50cb68870f02942244f1017565484237f1f8c5d3cd413631b1ae104d3096f24fdfde1b4aa2
  languageName: node
  linkType: hard

"utils-merge@npm:1.0.1":
  version: 1.0.1
  resolution: "utils-merge@npm:1.0.1"
  checksum: c81095493225ecfc28add49c106ca4f09cdf56bc66731aa8dabc2edbbccb1e1bfe2de6a115e5c6a380d3ea166d1636410b62ef216bb07b3feb1cfde1d95d5080
  languageName: node
  linkType: hard

"vary@npm:^1, vary@npm:~1.1.2":
  version: 1.1.2
  resolution: "vary@npm:1.1.2"
  checksum: ae0123222c6df65b437669d63dfa8c36cee20a504101b2fcd97b8bf76f91259c17f9f2b4d70a1e3c6bbcee7f51b28392833adb6b2770b23b01abec84e369660b
  languageName: node
  linkType: hard

"vhost@npm:^3.0.2":
  version: 3.0.2
  resolution: "vhost@npm:3.0.2"
  checksum: 95797498f2bccdf53b9b175ad6f970b20ea9cb91f6a851ea642d68656a65af4643e690f4176b025b5e5eb88e6cfcb102287a77566787e5ee55a4f1b3307eba54
  languageName: node
  linkType: hard

"webidl-conversions@npm:^3.0.0":
  version: 3.0.1
  resolution: "webidl-conversions@npm:3.0.1"
  checksum: c92a0a6ab95314bde9c32e1d0a6dfac83b578f8fa5f21e675bc2706ed6981bc26b7eb7e6a1fab158e5ce4adf9caa4a0aee49a52505d4d13c7be545f15021b17c
  languageName: node
  linkType: hard

"whatwg-url@npm:^5.0.0":
  version: 5.0.0
  resolution: "whatwg-url@npm:5.0.0"
  dependencies:
    tr46: ~0.0.3
    webidl-conversions: ^3.0.0
  checksum: b8daed4ad3356cc4899048a15b2c143a9aed0dfae1f611ebd55073310c7b910f522ad75d727346ad64203d7e6c79ef25eafd465f4d12775ca44b90fa82ed9e2c
  languageName: node
  linkType: hard

"wrappy@npm:1":
  version: 1.0.2
  resolution: "wrappy@npm:1.0.2"
  checksum: 159da4805f7e84a3d003d8841557196034155008f817172d4e986bd591f74aa82aa7db55929a54222309e01079a65a92a9e6414da5a6aa4b01ee44a511ac3ee5
  languageName: node
  linkType: hard
